
Microsoft Visual Studio Solution File, Format Version 12.00
# Visual Studio 2012
Project("{FAE04EC0-301F-11D3-BF4B-00C04F79EFBC}") = "监视器", "监视器.csproj", "{32D9FB93-F461-48CD-B35B-BD836EB8F389}"
EndProject
Project("{FAE04EC0-301F-11D3-BF4B-00C04F79EFBC}") = "西湾测试", "西湾测试\西湾测试.csproj", "{BE53027A-8FA7-469C-BB5C-FFF28D8A92E9}"
EndProject
Project("{FAE04EC0-301F-11D3-BF4B-00C04F79EFBC}") = "毗邻作差法", "西湾算法\毗邻作差法.csproj", "{FB2005CE-5393-4DC6-8399-EB216BE10CF5}"
EndProject
Project("{FAE04EC0-301F-11D3-BF4B-00C04F79EFBC}") = "单标志检测法", "高伟乐街与荷兰园大马路交界\算法\单标志检测法.csproj", "{EF4B6868-B925-4BF9-83D8-3402F4ADF6F7}"
EndProject
Project("{FAE04EC0-301F-11D3-BF4B-00C04F79EFBC}") = "模块", "模块\模块.csproj", "{2977E2B0-0D52-4180-A3BD-15E006D5D7A7}"
EndProject
Project("{FAE04EC0-301F-11D3-BF4B-00C04F79EFBC}") = "GMath", "D:\MySourceCode\C#\类库\GMath\GMath.csproj", "{7032C768-0015-4434-8F55-D45EF245FCF4}"
EndProject
Project("{2150E333-8FDC-42A3-9474-1A3956D46DE8}") = "算法", "算法", "{F7841A27-3D8C-4188-9D63-23143056F860}"
EndProject
Project("{FAE04EC0-301F-11D3-BF4B-00C04F79EFBC}") = "西湾大桥澳门端算法", "西湾大桥澳门端算法\西湾大桥澳门端算法.csproj", "{0C311A06-9C0A-4FBC-8965-D6473805EBED}"
EndProject
Project("{FAE04EC0-301F-11D3-BF4B-00C04F79EFBC}") = "流量监视器", "流量监视器\流量监视器.csproj", "{AEFC9483-46BF-4819-9EA9-E73EDC0881F5}"
EndProject
Project("{FAE04EC0-301F-11D3-BF4B-00C04F79EFBC}") = "单标志检测法-殷南", "算法\单标志检测法\单标志检测法-殷南.csproj", "{C1C63855-E0F2-471C-954F-0995445BAA0F}"
EndProject
Global
	GlobalSection(SubversionScc) = preSolution
		Svn-Managed = True
		Manager = AnkhSVN - Subversion Support for Visual Studio
	EndGlobalSection
	GlobalSection(SolutionConfigurationPlatforms) = preSolution
		Debug|Any CPU = Debug|Any CPU
		Debug|Mixed Platforms = Debug|Mixed Platforms
		Debug|x86 = Debug|x86
		Release|Any CPU = Release|Any CPU
		Release|Mixed Platforms = Release|Mixed Platforms
		Release|x86 = Release|x86
	EndGlobalSection
	GlobalSection(ProjectConfigurationPlatforms) = postSolution
		{32D9FB93-F461-48CD-B35B-BD836EB8F389}.Debug|Any CPU.ActiveCfg = Debug|x86
		{32D9FB93-F461-48CD-B35B-BD836EB8F389}.Debug|Mixed Platforms.ActiveCfg = Debug|x86
		{32D9FB93-F461-48CD-B35B-BD836EB8F389}.Debug|Mixed Platforms.Build.0 = Debug|x86
		{32D9FB93-F461-48CD-B35B-BD836EB8F389}.Debug|x86.ActiveCfg = Debug|x86
		{32D9FB93-F461-48CD-B35B-BD836EB8F389}.Debug|x86.Build.0 = Debug|x86
		{32D9FB93-F461-48CD-B35B-BD836EB8F389}.Release|Any CPU.ActiveCfg = Release|x86
		{32D9FB93-F461-48CD-B35B-BD836EB8F389}.Release|Mixed Platforms.ActiveCfg = Release|x86
		{32D9FB93-F461-48CD-B35B-BD836EB8F389}.Release|Mixed Platforms.Build.0 = Release|x86
		{32D9FB93-F461-48CD-B35B-BD836EB8F389}.Release|x86.ActiveCfg = Release|x86
		{32D9FB93-F461-48CD-B35B-BD836EB8F389}.Release|x86.Build.0 = Release|x86
		{BE53027A-8FA7-469C-BB5C-FFF28D8A92E9}.Debug|Any CPU.ActiveCfg = Debug|x86
		{BE53027A-8FA7-469C-BB5C-FFF28D8A92E9}.Debug|Mixed Platforms.ActiveCfg = Debug|x86
		{BE53027A-8FA7-469C-BB5C-FFF28D8A92E9}.Debug|Mixed Platforms.Build.0 = Debug|x86
		{BE53027A-8FA7-469C-BB5C-FFF28D8A92E9}.Debug|x86.ActiveCfg = Debug|x86
		{BE53027A-8FA7-469C-BB5C-FFF28D8A92E9}.Debug|x86.Build.0 = Debug|x86
		{BE53027A-8FA7-469C-BB5C-FFF28D8A92E9}.Release|Any CPU.ActiveCfg = Release|x86
		{BE53027A-8FA7-469C-BB5C-FFF28D8A92E9}.Release|Mixed Platforms.ActiveCfg = Release|x86
		{BE53027A-8FA7-469C-BB5C-FFF28D8A92E9}.Release|Mixed Platforms.Build.0 = Release|x86
		{BE53027A-8FA7-469C-BB5C-FFF28D8A92E9}.Release|x86.ActiveCfg = Release|x86
		{BE53027A-8FA7-469C-BB5C-FFF28D8A92E9}.Release|x86.Build.0 = Release|x86
		{FB2005CE-5393-4DC6-8399-EB216BE10CF5}.Debug|Any CPU.ActiveCfg = Debug|Any CPU
		{FB2005CE-5393-4DC6-8399-EB216BE10CF5}.Debug|Any CPU.Build.0 = Debug|Any CPU
		{FB2005CE-5393-4DC6-8399-EB216BE10CF5}.Debug|Mixed Platforms.ActiveCfg = Debug|Any CPU
		{FB2005CE-5393-4DC6-8399-EB216BE10CF5}.Debug|Mixed Platforms.Build.0 = Debug|Any CPU
		{FB2005CE-5393-4DC6-8399-EB216BE10CF5}.Debug|x86.ActiveCfg = Debug|Any CPU
		{FB2005CE-5393-4DC6-8399-EB216BE10CF5}.Release|Any CPU.ActiveCfg = Release|Any CPU
		{FB2005CE-5393-4DC6-8399-EB216BE10CF5}.Release|Any CPU.Build.0 = Release|Any CPU
		{FB2005CE-5393-4DC6-8399-EB216BE10CF5}.Release|Mixed Platforms.ActiveCfg = Release|Any CPU
		{FB2005CE-5393-4DC6-8399-EB216BE10CF5}.Release|Mixed Platforms.Build.0 = Release|Any CPU
		{FB2005CE-5393-4DC6-8399-EB216BE10CF5}.Release|x86.ActiveCfg = Release|Any CPU
		{EF4B6868-B925-4BF9-83D8-3402F4ADF6F7}.Debug|Any CPU.ActiveCfg = Debug|Any CPU
		{EF4B6868-B925-4BF9-83D8-3402F4ADF6F7}.Debug|Any CPU.Build.0 = Debug|Any CPU
		{EF4B6868-B925-4BF9-83D8-3402F4ADF6F7}.Debug|Mixed Platforms.ActiveCfg = Debug|Any CPU
		{EF4B6868-B925-4BF9-83D8-3402F4ADF6F7}.Debug|Mixed Platforms.Build.0 = Debug|Any CPU
		{EF4B6868-B925-4BF9-83D8-3402F4ADF6F7}.Debug|x86.ActiveCfg = Debug|Any CPU
		{EF4B6868-B925-4BF9-83D8-3402F4ADF6F7}.Release|Any CPU.ActiveCfg = Release|Any CPU
		{EF4B6868-B925-4BF9-83D8-3402F4ADF6F7}.Release|Any CPU.Build.0 = Release|Any CPU
		{EF4B6868-B925-4BF9-83D8-3402F4ADF6F7}.Release|Mixed Platforms.ActiveCfg = Release|Any CPU
		{EF4B6868-B925-4BF9-83D8-3402F4ADF6F7}.Release|Mixed Platforms.Build.0 = Release|Any CPU
		{EF4B6868-B925-4BF9-83D8-3402F4ADF6F7}.Release|x86.ActiveCfg = Release|Any CPU
		{2977E2B0-0D52-4180-A3BD-15E006D5D7A7}.Debug|Any CPU.ActiveCfg = Debug|Any CPU
		{2977E2B0-0D52-4180-A3BD-15E006D5D7A7}.Debug|Any CPU.Build.0 = Debug|Any CPU
		{2977E2B0-0D52-4180-A3BD-15E006D5D7A7}.Debug|Mixed Platforms.ActiveCfg = Debug|Any CPU
		{2977E2B0-0D52-4180-A3BD-15E006D5D7A7}.Debug|Mixed Platforms.Build.0 = Debug|Any CPU
		{2977E2B0-0D52-4180-A3BD-15E006D5D7A7}.Debug|x86.ActiveCfg = Debug|Any CPU
		{2977E2B0-0D52-4180-A3BD-15E006D5D7A7}.Release|Any CPU.ActiveCfg = Release|Any CPU
		{2977E2B0-0D52-4180-A3BD-15E006D5D7A7}.Release|Any CPU.Build.0 = Release|Any CPU
		{2977E2B0-0D52-4180-A3BD-15E006D5D7A7}.Release|Mixed Platforms.ActiveCfg = Release|Any CPU
		{2977E2B0-0D52-4180-A3BD-15E006D5D7A7}.Release|Mixed Platforms.Build.0 = Release|Any CPU
		{2977E2B0-0D52-4180-A3BD-15E006D5D7A7}.Release|x86.ActiveCfg = Release|Any CPU
		{7032C768-0015-4434-8F55-D45EF245FCF4}.Debug|Any CPU.ActiveCfg = Debug|Any CPU
		{7032C768-0015-4434-8F55-D45EF245FCF4}.Debug|Any CPU.Build.0 = Debug|Any CPU
		{7032C768-0015-4434-8F55-D45EF245FCF4}.Debug|Mixed Platforms.ActiveCfg = Debug|Any CPU
		{7032C768-0015-4434-8F55-D45EF245FCF4}.Debug|Mixed Platforms.Build.0 = Debug|Any CPU
		{7032C768-0015-4434-8F55-D45EF245FCF4}.Debug|x86.ActiveCfg = Debug|Any CPU
		{7032C768-0015-4434-8F55-D45EF245FCF4}.Release|Any CPU.ActiveCfg = Release|Any CPU
		{7032C768-0015-4434-8F55-D45EF245FCF4}.Release|Any CPU.Build.0 = Release|Any CPU
		{7032C768-0015-4434-8F55-D45EF245FCF4}.Release|Mixed Platforms.ActiveCfg = Release|Any CPU
		{7032C768-0015-4434-8F55-D45EF245FCF4}.Release|Mixed Platforms.Build.0 = Release|Any CPU
		{7032C768-0015-4434-8F55-D45EF245FCF4}.Release|x86.ActiveCfg = Release|Any CPU
		{0C311A06-9C0A-4FBC-8965-D6473805EBED}.Debug|Any CPU.ActiveCfg = Debug|Any CPU
		{0C311A06-9C0A-4FBC-8965-D6473805EBED}.Debug|Any CPU.Build.0 = Debug|Any CPU
		{0C311A06-9C0A-4FBC-8965-D6473805EBED}.Debug|Mixed Platforms.ActiveCfg = Debug|Any CPU
		{0C311A06-9C0A-4FBC-8965-D6473805EBED}.Debug|Mixed Platforms.Build.0 = Debug|Any CPU
		{0C311A06-9C0A-4FBC-8965-D6473805EBED}.Debug|x86.ActiveCfg = Debug|Any CPU
		{0C311A06-9C0A-4FBC-8965-D6473805EBED}.Release|Any CPU.ActiveCfg = Release|Any CPU
		{0C311A06-9C0A-4FBC-8965-D6473805EBED}.Release|Any CPU.Build.0 = Release|Any CPU
		{0C311A06-9C0A-4FBC-8965-D6473805EBED}.Release|Mixed Platforms.ActiveCfg = Release|Any CPU
		{0C311A06-9C0A-4FBC-8965-D6473805EBED}.Release|Mixed Platforms.Build.0 = Release|Any CPU
		{0C311A06-9C0A-4FBC-8965-D6473805EBED}.Release|x86.ActiveCfg = Release|Any CPU
		{AEFC9483-46BF-4819-9EA9-E73EDC0881F5}.Debug|Any CPU.ActiveCfg = Debug|x86
		{AEFC9483-46BF-4819-9EA9-E73EDC0881F5}.Debug|Mixed Platforms.ActiveCfg = Debug|x86
		{AEFC9483-46BF-4819-9EA9-E73EDC0881F5}.Debug|Mixed Platforms.Build.0 = Debug|x86
		{AEFC9483-46BF-4819-9EA9-E73EDC0881F5}.Debug|x86.ActiveCfg = Debug|x86
		{AEFC9483-46BF-4819-9EA9-E73EDC0881F5}.Debug|x86.Build.0 = Debug|x86
		{AEFC9483-46BF-4819-9EA9-E73EDC0881F5}.Release|Any CPU.ActiveCfg = Release|x86
		{AEFC9483-46BF-4819-9EA9-E73EDC0881F5}.Release|Mixed Platforms.ActiveCfg = Release|x86
		{AEFC9483-46BF-4819-9EA9-E73EDC0881F5}.Release|Mixed Platforms.Build.0 = Release|x86
		{AEFC9483-46BF-4819-9EA9-E73EDC0881F5}.Release|x86.ActiveCfg = Release|x86
		{AEFC9483-46BF-4819-9EA9-E73EDC0881F5}.Release|x86.Build.0 = Release|x86
		{C1C63855-E0F2-471C-954F-0995445BAA0F}.Debug|Any CPU.ActiveCfg = Debug|Any CPU
		{C1C63855-E0F2-471C-954F-0995445BAA0F}.Debug|Any CPU.Build.0 = Debug|Any CPU
		{C1C63855-E0F2-471C-954F-0995445BAA0F}.Debug|Mixed Platforms.ActiveCfg = Debug|Any CPU
		{C1C63855-E0F2-471C-954F-0995445BAA0F}.Debug|Mixed Platforms.Build.0 = Debug|Any CPU
		{C1C63855-E0F2-471C-954F-0995445BAA0F}.Debug|x86.ActiveCfg = Debug|Any CPU
		{C1C63855-E0F2-471C-954F-0995445BAA0F}.Release|Any CPU.ActiveCfg = Release|Any CPU
		{C1C63855-E0F2-471C-954F-0995445BAA0F}.Release|Any CPU.Build.0 = Release|Any CPU
		{C1C63855-E0F2-471C-954F-0995445BAA0F}.Release|Mixed Platforms.ActiveCfg = Release|Any CPU
		{C1C63855-E0F2-471C-954F-0995445BAA0F}.Release|Mixed Platforms.Build.0 = Release|Any CPU
		{C1C63855-E0F2-471C-954F-0995445BAA0F}.Release|x86.ActiveCfg = Release|Any CPU
	EndGlobalSection
	GlobalSection(SolutionProperties) = preSolution
		HideSolutionNode = FALSE
	EndGlobalSection
	GlobalSection(NestedProjects) = preSolution
		{EF4B6868-B925-4BF9-83D8-3402F4ADF6F7} = {F7841A27-3D8C-4188-9D63-23143056F860}
		{7032C768-0015-4434-8F55-D45EF245FCF4} = {F7841A27-3D8C-4188-9D63-23143056F860}
		{FB2005CE-5393-4DC6-8399-EB216BE10CF5} = {F7841A27-3D8C-4188-9D63-23143056F860}
		{C1C63855-E0F2-471C-954F-0995445BAA0F} = {F7841A27-3D8C-4188-9D63-23143056F860}
	EndGlobalSection
EndGlobal
